
Microsoft Visual Studio Solution File, Format Version 10.00
# Visual Studio 2008
Project("{FAE04EC0-301F-11D3-BF4B-00C04F79EFBC}") = "ClangFormat", "ClangFormat\ClangFormat.csproj", "{53E1217E-BA2D-4EBD-9AD2-04556AD5E554}"
EndProject
Global
	GlobalSection(SolutionConfigurationPlatforms) = preSolution
		Debug|Any CPU = Debug|Any CPU
		Release|Any CPU = Release|Any CPU
	EndGlobalSection
	GlobalSection(ProjectConfigurationPlatforms) = postSolution
		{53E1217E-BA2D-4EBD-9AD2-04556AD5E554}.Debug|Any CPU.ActiveCfg = Debug|Any CPU
		{53E1217E-BA2D-4EBD-9AD2-04556AD5E554}.Debug|Any CPU.Build.0 = Debug|Any CPU
		{53E1217E-BA2D-4EBD-9AD2-04556AD5E554}.Release|Any CPU.ActiveCfg = Release|Any CPU
		{53E1217E-BA2D-4EBD-9AD2-04556AD5E554}.Release|Any CPU.Build.0 = Release|Any CPU
	EndGlobalSection
	GlobalSection(SolutionProperties) = preSolution
		HideSolutionNode = FALSE
	EndGlobalSection
EndGlobal
